
Microsoft Visual Studio Solution File, Format Version 12.00
# Visual Studio Version 16
VisualStudioVersion = 16.0.30330.147
MinimumVisualStudioVersion = 10.0.40219.1
Project("{FAE04EC0-301F-11D3-BF4B-00C04F79EFBC}") = "DeleteDoors", "DeleteDoors\DeleteDoors.csproj", "{040E16EB-CF36-4D3B-9B94-DED21C1F1726}"
EndProject
Global
	GlobalSection(SolutionConfigurationPlatforms) = preSolution
		Debug|Any CPU = Debug|Any CPU
		Release|Any CPU = Release|Any CPU
	EndGlobalSection
	GlobalSection(ProjectConfigurationPlatforms) = postSolution
		{040E16EB-CF36-4D3B-9B94-DED21C1F1726}.Debug|Any CPU.ActiveCfg = Debug|Any CPU
		{040E16EB-CF36-4D3B-9B94-DED21C1F1726}.Debug|Any CPU.Build.0 = Debug|Any CPU
		{040E16EB-CF36-4D3B-9B94-DED21C1F1726}.Release|Any CPU.ActiveCfg = Release|Any CPU
		{040E16EB-CF36-4D3B-9B94-DED21C1F1726}.Release|Any CPU.Build.0 = Release|Any CPU
	EndGlobalSection
	GlobalSection(SolutionProperties) = preSolution
		HideSolutionNode = FALSE
	EndGlobalSection
	GlobalSection(ExtensibilityGlobals) = postSolution
		SolutionGuid = {A7716EDF-F11C-4825-96EF-EE3E03AD134A}
	EndGlobalSection
EndGlobal
